
Microsoft Visual Studio Solution File, Format Version 12.00
# Visual Studio Version 17
VisualStudioVersion = 17.8.34511.84
MinimumVisualStudioVersion = 10.0.40219.1
Project("{FAE04EC0-301F-11D3-BF4B-00C04F79EFBC}") = "OneToMany_Relationship", "OneToMany_Relationship\OneToMany_Relationship.csproj", "{6CAE5DF9-D2F3-46D3-AF6F-3928FD39EF44}"
EndProject
Global
	GlobalSection(SolutionConfigurationPlatforms) = preSolution
		Debug|Any CPU = Debug|Any CPU
		Release|Any CPU = Release|Any CPU
	EndGlobalSection
	GlobalSection(ProjectConfigurationPlatforms) = postSolution
		{6CAE5DF9-D2F3-46D3-AF6F-3928FD39EF44}.Debug|Any CPU.ActiveCfg = Debug|Any CPU
		{6CAE5DF9-D2F3-46D3-AF6F-3928FD39EF44}.Debug|Any CPU.Build.0 = Debug|Any CPU
		{6CAE5DF9-D2F3-46D3-AF6F-3928FD39EF44}.Release|Any CPU.ActiveCfg = Release|Any CPU
		{6CAE5DF9-D2F3-46D3-AF6F-3928FD39EF44}.Release|Any CPU.Build.0 = Release|Any CPU
	EndGlobalSection
	GlobalSection(SolutionProperties) = preSolution
		HideSolutionNode = FALSE
	EndGlobalSection
	GlobalSection(ExtensibilityGlobals) = postSolution
		SolutionGuid = {14DE66AC-317D-4896-8DFE-D8562342B3CA}
	EndGlobalSection
EndGlobal
